
Microsoft Visual Studio Solution File, Format Version 12.00
# Visual Studio Version 18
VisualStudioVersion = 18.2.11415.280 d18.0
MinimumVisualStudioVersion = 10.0.40219.1
Project("{FAE04EC0-301F-11D3-BF4B-00C04F79EFBC}") = "FBMMultiMessenger.Buisness", "FBMMultiMessenger.Buisness\FBMMultiMessenger.Buisness.csproj", "{11E54FB2-920A-4456-8554-6C21A2719241}"
EndProject
Project("{FAE04EC0-301F-11D3-BF4B-00C04F79EFBC}") = "FBMMultiMessenger.Contracts", "FBMMultiMessenger.Contracts\FBMMultiMessenger.Contracts.csproj", "{265284BF-C141-470E-8FA1-13505CAFE2EC}"
EndProject
Project("{FAE04EC0-301F-11D3-BF4B-00C04F79EFBC}") = "FBMMultiMessenger.Data", "FBMMultiMessenger.Data\FBMMultiMessenger.Data.csproj", "{8D514572-FC2D-0856-A6D9-72448E272CEE}"
EndProject
Project("{FAE04EC0-301F-11D3-BF4B-00C04F79EFBC}") = "FBMMultiMessenger.Api", "FBMMultiMessenger.Api\FBMMultiMessenger.Api.csproj", "{EEABCA1D-8BDE-4DA1-F4C6-5F593C34060B}"
EndProject
Global
	GlobalSection(SolutionConfigurationPlatforms) = preSolution
		Debug|Any CPU = Debug|Any CPU
		Release|Any CPU = Release|Any CPU
	EndGlobalSection
	GlobalSection(ProjectConfigurationPlatforms) = postSolution
		{11E54FB2-920A-4456-8554-6C21A2719241}.Debug|Any CPU.ActiveCfg = Debug|Any CPU
		{11E54FB2-920A-4456-8554-6C21A2719241}.Debug|Any CPU.Build.0 = Debug|Any CPU
		{11E54FB2-920A-4456-8554-6C21A2719241}.Release|Any CPU.ActiveCfg = Release|Any CPU
		{11E54FB2-920A-4456-8554-6C21A2719241}.Release|Any CPU.Build.0 = Release|Any CPU
		{265284BF-C141-470E-8FA1-13505CAFE2EC}.Debug|Any CPU.ActiveCfg = Debug|Any CPU
		{265284BF-C141-470E-8FA1-13505CAFE2EC}.Debug|Any CPU.Build.0 = Debug|Any CPU
		{265284BF-C141-470E-8FA1-13505CAFE2EC}.Release|Any CPU.ActiveCfg = Release|Any CPU
		{265284BF-C141-470E-8FA1-13505CAFE2EC}.Release|Any CPU.Build.0 = Release|Any CPU
		{8D514572-FC2D-0856-A6D9-72448E272CEE}.Debug|Any CPU.ActiveCfg = Debug|Any CPU
		{8D514572-FC2D-0856-A6D9-72448E272CEE}.Debug|Any CPU.Build.0 = Debug|Any CPU
		{8D514572-FC2D-0856-A6D9-72448E272CEE}.Release|Any CPU.ActiveCfg = Release|Any CPU
		{8D514572-FC2D-0856-A6D9-72448E272CEE}.Release|Any CPU.Build.0 = Release|Any CPU
		{EEABCA1D-8BDE-4DA1-F4C6-5F593C34060B}.Debug|Any CPU.ActiveCfg = Debug|Any CPU
		{EEABCA1D-8BDE-4DA1-F4C6-5F593C34060B}.Debug|Any CPU.Build.0 = Debug|Any CPU
		{EEABCA1D-8BDE-4DA1-F4C6-5F593C34060B}.Release|Any CPU.ActiveCfg = Release|Any CPU
		{EEABCA1D-8BDE-4DA1-F4C6-5F593C34060B}.Release|Any CPU.Build.0 = Release|Any CPU
	EndGlobalSection
	GlobalSection(SolutionProperties) = preSolution
		HideSolutionNode = FALSE
	EndGlobalSection
	GlobalSection(ExtensibilityGlobals) = postSolution
		SolutionGuid = {AC4C198E-DA04-4030-BBB6-CBE17EDB1E5B}
	EndGlobalSection
EndGlobal
